// !$*UTF8*$!
{
	archiveVersion = 1;
	classes = {
	};
	objectVersion = 56;
	objects = {

/* Begin PBXBuildFile section */
		0351389A2A02FD8000CB0728 /* Mat Normal Map.png in Resources */ = {isa = PBXBuildFile; fileRef = 035138952A02FD8000CB0728 /* Mat Normal Map.png */; };
		0351389B2A02FD8000CB0728 /* WhiteDiceMaterial Base Color.png in Resources */ = {isa = PBXBuildFile; fileRef = 035138962A02FD8000CB0728 /* WhiteDiceMaterial Base Color.png */; };
		0351389C2A02FD8000CB0728 /* RedDiceMaterial Base Color.png in Resources */ = {isa = PBXBuildFile; fileRef = 035138972A02FD8000CB0728 /* RedDiceMaterial Base Color.png */; };
		0351389D2A02FD8000CB0728 /* RedDiceMaterial Normal Map.png in Resources */ = {isa = PBXBuildFile; fileRef = 035138982A02FD8000CB0728 /* RedDiceMaterial Normal Map.png */; };
		0351389E2A02FD8000CB0728 /* WhiteDiceMaterial Normal Map.png in Resources */ = {isa = PBXBuildFile; fileRef = 035138992A02FD8000CB0728 /* WhiteDiceMaterial Normal Map.png */; };
		0372C91C29FFA9F800DD093B /* DiceMatScene.scn in Resources */ = {isa = PBXBuildFile; fileRef = 0372C91B29FFA9F800DD093B /* DiceMatScene.scn */; };
		037E370A2A044FCC0024EBB7 /* DiceViewModel.swift in Sources */ = {isa = PBXBuildFile; fileRef = 037E37092A044FCC0024EBB7 /* DiceViewModel.swift */; };
		03C1482629F8780D00BA686F /* SceneKitView.swift in Sources */ = {isa = PBXBuildFile; fileRef = 03C1482529F8780D00BA686F /* SceneKitView.swift */; };
		03DDDBA129F71ECA004C6AB4 /* DiceRoller3DApp.swift in Sources */ = {isa = PBXBuildFile; fileRef = 03DDDBA029F71ECA004C6AB4 /* DiceRoller3DApp.swift */; };
		03DDDBA329F71ECA004C6AB4 /* ContentView.swift in Sources */ = {isa = PBXBuildFile; fileRef = 03DDDBA229F71ECA004C6AB4 /* ContentView.swift */; };
		03DDDBA529F71ECB004C6AB4 /* Assets.xcassets in Resources */ = {isa = PBXBuildFile; fileRef = 03DDDBA429F71ECB004C6AB4 /* Assets.xcassets */; };
		03DDDBA829F71ECB004C6AB4 /* Preview Assets.xcassets in Resources */ = {isa = PBXBuildFile; fileRef = 03DDDBA729F71ECB004C6AB4 /* Preview Assets.xcassets */; };
/* End PBXBuildFile section */

/* Begin PBXFileReference section */
		035138952A02FD8000CB0728 /* Mat Normal Map.png */ = {isa = PBXFileReference; lastKnownFileType = image.png; name = "Mat Normal Map.png"; path = "DiceRoller3D/Resources/Mat Normal Map.png"; sourceTree = SOURCE_ROOT; };
		035138962A02FD8000CB0728 /* WhiteDiceMaterial Base Color.png */ = {isa = PBXFileReference; lastKnownFileType = image.png; name = "WhiteDiceMaterial Base Color.png"; path = "DiceRoller3D/Resources/WhiteDiceMaterial Base Color.png"; sourceTree = SOURCE_ROOT; };
		035138972A02FD8000CB0728 /* RedDiceMaterial Base Color.png */ = {isa = PBXFileReference; lastKnownFileType = image.png; name = "RedDiceMaterial Base Color.png"; path = "DiceRoller3D/Resources/RedDiceMaterial Base Color.png"; sourceTree = SOURCE_ROOT; };
		035138982A02FD8000CB0728 /* RedDiceMaterial Normal Map.png */ = {isa = PBXFileReference; lastKnownFileType = image.png; name = "RedDiceMaterial Normal Map.png"; path = "DiceRoller3D/Resources/RedDiceMaterial Normal Map.png"; sourceTree = SOURCE_ROOT; };
		035138992A02FD8000CB0728 /* WhiteDiceMaterial Normal Map.png */ = {isa = PBXFileReference; lastKnownFileType = image.png; name = "WhiteDiceMaterial Normal Map.png"; path = "DiceRoller3D/Resources/WhiteDiceMaterial Normal Map.png"; sourceTree = SOURCE_ROOT; };
		0372C91B29FFA9F800DD093B /* DiceMatScene.scn */ = {isa = PBXFileReference; lastKnownFileType = file.bplist; name = DiceMatScene.scn; path = "Blender Scene/DiceMatScene.scn"; sourceTree = SOURCE_ROOT; };
		037E37092A044FCC0024EBB7 /* DiceViewModel.swift */ = {isa = PBXFileReference; lastKnownFileType = sourcecode.swift; path = DiceViewModel.swift; sourceTree = "<group>"; };
		03C1482529F8780D00BA686F /* SceneKitView.swift */ = {isa = PBXFileReference; lastKnownFileType = sourcecode.swift; path = SceneKitView.swift; sourceTree = "<group>"; };
		03DDDB9D29F71ECA004C6AB4 /* DiceRoller3D.app */ = {isa = PBXFileReference; explicitFileType = wrapper.application; includeInIndex = 0; path = DiceRoller3D.app; sourceTree = BUILT_PRODUCTS_DIR; };
		03DDDBA029F71ECA004C6AB4 /* DiceRoller3DApp.swift */ = {isa = PBXFileReference; lastKnownFileType = sourcecode.swift; path = DiceRoller3DApp.swift; sourceTree = "<group>"; };
		03DDDBA229F71ECA004C6AB4 /* ContentView.swift */ = {isa = PBXFileReference; lastKnownFileType = sourcecode.swift; path = ContentView.swift; sourceTree = "<group>"; };
		03DDDBA429F71ECB004C6AB4 /* Assets.xcassets */ = {isa = PBXFileReference; lastKnownFileType = folder.assetcatalog; path = Assets.xcassets; sourceTree = "<group>"; };
		03DDDBA729F71ECB004C6AB4 /* Preview Assets.xcassets */ = {isa = PBXFileReference; lastKnownFileType = folder.assetcatalog; path = "Preview Assets.xcassets"; sourceTree = "<group>"; };
/* End PBXFileReference section */

/* Begin PBXFrameworksBuildPhase section */
		03DDDB9A29F71ECA004C6AB4 /* Frameworks */ = {
			isa = PBXFrameworksBuildPhase;
			buildActionMask = 2147483647;
			files = (
			);
			runOnlyForDeploymentPostprocessing = 0;
		};
/* End PBXFrameworksBuildPhase section */

/* Begin PBXGroup section */
		035138942A02FD4D00CB0728 /* Resources */ = {
			isa = PBXGroup;
			children = (
				035138952A02FD8000CB0728 /* Mat Normal Map.png */,
				035138972A02FD8000CB0728 /* RedDiceMaterial Base Color.png */,
				035138982A02FD8000CB0728 /* RedDiceMaterial Normal Map.png */,
				035138962A02FD8000CB0728 /* WhiteDiceMaterial Base Color.png */,
				035138992A02FD8000CB0728 /* WhiteDiceMaterial Normal Map.png */,
			);
			path = Resources;
			sourceTree = "<group>";
		};
		03C1482229F8746500BA686F /* Views */ = {
			isa = PBXGroup;
			children = (
				03DDDBA229F71ECA004C6AB4 /* ContentView.swift */,
				03C1482529F8780D00BA686F /* SceneKitView.swift */,
				0372C91B29FFA9F800DD093B /* DiceMatScene.scn */,
			);
			path = Views;
			sourceTree = "<group>";
		};
		03C1482329F8747400BA686F /* Models */ = {
			isa = PBXGroup;
			children = (
			);
			path = Models;
			sourceTree = "<group>";
		};
		03C1482429F8747B00BA686F /* ViewModels */ = {
			isa = PBXGroup;
			children = (
				037E37092A044FCC0024EBB7 /* DiceViewModel.swift */,
			);
			path = ViewModels;
			sourceTree = "<group>";
		};
		03DDDB9429F71ECA004C6AB4 = {
			isa = PBXGroup;
			children = (
				03DDDB9F29F71ECA004C6AB4 /* DiceRoller3D */,
				03DDDB9E29F71ECA004C6AB4 /* Products */,
			);
			sourceTree = "<group>";
		};
		03DDDB9E29F71ECA004C6AB4 /* Products */ = {
			isa = PBXGroup;
			children = (
				03DDDB9D29F71ECA004C6AB4 /* DiceRoller3D.app */,
			);
			name = Products;
			sourceTree = "<group>";
		};
		03DDDB9F29F71ECA004C6AB4 /* DiceRoller3D */ = {
			isa = PBXGroup;
			children = (
				03DDDBA029F71ECA004C6AB4 /* DiceRoller3DApp.swift */,
				03C1482329F8747400BA686F /* Models */,
				03C1482229F8746500BA686F /* Views */,
				03C1482429F8747B00BA686F /* ViewModels */,
				03DDDBA429F71ECB004C6AB4 /* Assets.xcassets */,
				035138942A02FD4D00CB0728 /* Resources */,
				03DDDBA629F71ECB004C6AB4 /* Preview Content */,
			);
			path = DiceRoller3D;
			sourceTree = "<group>";
		};
		03DDDBA629F71ECB004C6AB4 /* Preview Content */ = {
			isa = PBXGroup;
			children = (
				03DDDBA729F71ECB004C6AB4 /* Preview Assets.xcassets */,
			);
			path = "Preview Content";
			sourceTree = "<group>";
		};
/* End PBXGroup section */

/* Begin PBXNativeTarget section */
		03DDDB9C29F71ECA004C6AB4 /* DiceRoller3D */ = {
			isa = PBXNativeTarget;
			buildConfigurationList = 03DDDBAB29F71ECB004C6AB4 /* Build configuration list for PBXNativeTarget "DiceRoller3D" */;
			buildPhases = (
				03DDDB9929F71ECA004C6AB4 /* Sources */,
				03DDDB9A29F71ECA004C6AB4 /* Frameworks */,
				03DDDB9B29F71ECA004C6AB4 /* Resources */,
			);
			buildRules = (
			);
			dependencies = (
			);
			name = DiceRoller3D;
			productName = DiceRoller3D;
			productReference = 03DDDB9D29F71ECA004C6AB4 /* DiceRoller3D.app */;
			productType = "com.apple.product-type.application";
		};
/* End PBXNativeTarget section */

/* Begin PBXProject section */
		03DDDB9529F71ECA004C6AB4 /* Project object */ = {
			isa = PBXProject;
			attributes = {
				BuildIndependentTargetsInParallel = 1;
				LastSwiftUpdateCheck = 1430;
				LastUpgradeCheck = 1430;
				TargetAttributes = {
					03DDDB9C29F71ECA004C6AB4 = {
						CreatedOnToolsVersion = 14.3;
					};
				};
			};
			buildConfigurationList = 03DDDB9829F71ECA004C6AB4 /* Build configuration list for PBXProject "DiceRoller3D" */;
			compatibilityVersion = "Xcode 14.0";
			developmentRegion = en;
			hasScannedForEncodings = 0;
			knownRegions = (
				en,
				Base,
			);
			mainGroup = 03DDDB9429F71ECA004C6AB4;
			productRefGroup = 03DDDB9E29F71ECA004C6AB4 /* Products */;
			projectDirPath = "";
			projectRoot = "";
			targets = (
				03DDDB9C29F71ECA004C6AB4 /* DiceRoller3D */,
			);
		};
/* End PBXProject section */

/* Begin PBXResourcesBuildPhase section */
		03DDDB9B29F71ECA004C6AB4 /* Resources */ = {
			isa = PBXResourcesBuildPhase;
			buildActionMask = 2147483647;
			files = (
				03DDDBA829F71ECB004C6AB4 /* Preview Assets.xcassets in Resources */,
				0372C91C29FFA9F800DD093B /* DiceMatScene.scn in Resources */,
				0351389D2A02FD8000CB0728 /* RedDiceMaterial Normal Map.png in Resources */,
				0351389A2A02FD8000CB0728 /* Mat Normal Map.png in Resources */,
				03DDDBA529F71ECB004C6AB4 /* Assets.xcassets in Resources */,
				0351389C2A02FD8000CB0728 /* RedDiceMaterial Base Color.png in Resources */,
				0351389E2A02FD8000CB0728 /* WhiteDiceMaterial Normal Map.png in Resources */,
				0351389B2A02FD8000CB0728 /* WhiteDiceMaterial Base Color.png in Resources */,
			);
			runOnlyForDeploymentPostprocessing = 0;
		};
/* End PBXResourcesBuildPhase section */

/* Begin PBXSourcesBuildPhase section */
		03DDDB9929F71ECA004C6AB4 /* Sources */ = {
			isa = PBXSourcesBuildPhase;
			buildActionMask = 2147483647;
			files = (
				03DDDBA329F71ECA004C6AB4 /* ContentView.swift in Sources */,
				03DDDBA129F71ECA004C6AB4 /* DiceRoller3DApp.swift in Sources */,
				03C1482629F8780D00BA686F /* SceneKitView.swift in Sources */,
				037E370A2A044FCC0024EBB7 /* DiceViewModel.swift in Sources */,
			);
			runOnlyForDeploymentPostprocessing = 0;
		};
/* End PBXSourcesBuildPhase section */

/* Begin XCBuildConfiguration section */
		03DDDBA929F71ECB004C6AB4 /* Debug */ = {
			isa = XCBuildConfiguration;
			buildSettings = {
				ALWAYS_SEARCH_USER_PATHS = NO;
				CLANG_ANALYZER_NONNULL = YES;
				CLANG_ANALYZER_NUMBER_OBJECT_CONVERSION = YES_AGGRESSIVE;
				CLANG_CXX_LANGUAGE_STANDARD = "gnu++20";
				CLANG_ENABLE_MODULES = YES;
				CLANG_ENABLE_OBJC_ARC = YES;
				CLANG_ENABLE_OBJC_WEAK = YES;
				CLANG_WARN_BLOCK_CAPTURE_AUTORELEASING = YES;
				CLANG_WARN_BOOL_CONVERSION = YES;
				CLANG_WARN_COMMA = YES;
				CLANG_WARN_CONSTANT_CONVERSION = YES;
				CLANG_WARN_DEPRECATED_OBJC_IMPLEMENTATIONS = YES;
				CLANG_WARN_DIRECT_OBJC_ISA_USAGE = YES_ERROR;
				CLANG_WARN_DOCUMENTATION_COMMENTS = YES;
				CLANG_WARN_EMPTY_BODY = YES;
				CLANG_WARN_ENUM_CONVERSION = YES;
				CLANG_WARN_INFINITE_RECURSION = YES;
				CLANG_WARN_INT_CONVERSION = YES;
				CLANG_WARN_NON_LITERAL_NULL_CONVERSION = YES;
				CLANG_WARN_OBJC_IMPLICIT_RETAIN_SELF = YES;
				CLANG_WARN_OBJC_LITERAL_CONVERSION = YES;
				CLANG_WARN_OBJC_ROOT_CLASS = YES_ERROR;
				CLANG_WARN_QUOTED_INCLUDE_IN_FRAMEWORK_HEADER = YES;
				CLANG_WARN_RANGE_LOOP_ANALYSIS = YES;
				CLANG_WARN_STRICT_PROTOTYPES = YES;
				CLANG_WARN_SUSPICIOUS_MOVE = YES;
				CLANG_WARN_UNGUARDED_AVAILABILITY = YES_AGGRESSIVE;
				CLANG_WARN_UNREACHABLE_CODE = YES;
				CLANG_WARN__DUPLICATE_METHOD_MATCH = YES;
				COPY_PHASE_STRIP = NO;
				DEBUG_INFORMATION_FORMAT = dwarf;
				ENABLE_STRICT_OBJC_MSGSEND = YES;
				ENABLE_TESTABILITY = YES;
				GCC_C_LANGUAGE_STANDARD = gnu11;
				GCC_DYNAMIC_NO_PIC = NO;
				GCC_NO_COMMON_BLOCKS = YES;
				GCC_OPTIMIZATION_LEVEL = 0;
				GCC_PREPROCESSOR_DEFINITIONS = (
					"DEBUG=1",
					"$(inherited)",
				);
				GCC_WARN_64_TO_32_BIT_CONVERSION = YES;
				GCC_WARN_ABOUT_RETURN_TYPE = YES_ERROR;
				GCC_WARN_UNDECLARED_SELECTOR = YES;
				GCC_WARN_UNINITIALIZED_AUTOS = YES_AGGRESSIVE;
				GCC_WARN_UNUSED_FUNCTION = YES;
				GCC_WARN_UNUSED_VARIABLE = YES;
				IPHONEOS_DEPLOYMENT_TARGET = 16.4;
				MTL_ENABLE_DEBUG_INFO = INCLUDE_SOURCE;
				MTL_FAST_MATH = YES;
				ONLY_ACTIVE_ARCH = YES;
				SDKROOT = iphoneos;
				SWIFT_ACTIVE_COMPILATION_CONDITIONS = DEBUG;
				SWIFT_OPTIMIZATION_LEVEL = "-Onone";
			};
			name = Debug;
		};
		03DDDBAA29F71ECB004C6AB4 /* Release */ = {
			isa = XCBuildConfiguration;
			buildSettings = {
				ALWAYS_SEARCH_USER_PATHS = NO;
				CLANG_ANALYZER_NONNULL = YES;
				CLANG_ANALYZER_NUMBER_OBJECT_CONVERSION = YES_AGGRESSIVE;
				CLANG_CXX_LANGUAGE_STANDARD = "gnu++20";
				CLANG_ENABLE_MODULES = YES;
				CLANG_ENABLE_OBJC_ARC = YES;
				CLANG_ENABLE_OBJC_WEAK = YES;
				CLANG_WARN_BLOCK_CAPTURE_AUTORELEASING = YES;
				CLANG_WARN_BOOL_CONVERSION = YES;
				CLANG_WARN_COMMA = YES;
				CLANG_WARN_CONSTANT_CONVERSION = YES;
				CLANG_WARN_DEPRECATED_OBJC_IMPLEMENTATIONS = YES;
				CLANG_WARN_DIRECT_OBJC_ISA_USAGE = YES_ERROR;
				CLANG_WARN_DOCUMENTATION_COMMENTS = YES;
				CLANG_WARN_EMPTY_BODY = YES;
				CLANG_WARN_ENUM_CONVERSION = YES;
				CLANG_WARN_INFINITE_RECURSION = YES;
				CLANG_WARN_INT_CONVERSION = YES;
				CLANG_WARN_NON_LITERAL_NULL_CONVERSION = YES;
				CLANG_WARN_OBJC_IMPLICIT_RETAIN_SELF = YES;
				CLANG_WARN_OBJC_LITERAL_CONVERSION = YES;
				CLANG_WARN_OBJC_ROOT_CLASS = YES_ERROR;
				CLANG_WARN_QUOTED_INCLUDE_IN_FRAMEWORK_HEADER = YES;
				CLANG_WARN_RANGE_LOOP_ANALYSIS = YES;
				CLANG_WARN_STRICT_PROTOTYPES = YES;
				CLANG_WARN_SUSPICIOUS_MOVE = YES;
				CLANG_WARN_UNGUARDED_AVAILABILITY = YES_AGGRESSIVE;
				CLANG_WARN_UNREACHABLE_CODE = YES;
				CLANG_WARN__DUPLICATE_METHOD_MATCH = YES;
				COPY_PHASE_STRIP = NO;
				DEBUG_INFORMATION_FORMAT = "dwarf-with-dsym";
				ENABLE_NS_ASSERTIONS = NO;
				ENABLE_STRICT_OBJC_MSGSEND = YES;
				GCC_C_LANGUAGE_STANDARD = gnu11;
				GCC_NO_COMMON_BLOCKS = YES;
				GCC_WARN_64_TO_32_BIT_CONVERSION = YES;
				GCC_WARN_ABOUT_RETURN_TYPE = YES_ERROR;
				GCC_WARN_UNDECLARED_SELECTOR = YES;
				GCC_WARN_UNINITIALIZED_AUTOS = YES_AGGRESSIVE;
				GCC_WARN_UNUSED_FUNCTION = YES;
				GCC_WARN_UNUSED_VARIABLE = YES;
				IPHONEOS_DEPLOYMENT_TARGET = 16.4;
				MTL_ENABLE_DEBUG_INFO = NO;
				MTL_FAST_MATH = YES;
				SDKROOT = iphoneos;
				SWIFT_COMPILATION_MODE = wholemodule;
				SWIFT_OPTIMIZATION_LEVEL = "-O";
				VALIDATE_PRODUCT = YES;
			};
			name = Release;
		};
		03DDDBAC29F71ECB004C6AB4 /* Debug */ = {
			isa = XCBuildConfiguration;
			buildSettings = {
				ASSETCATALOG_COMPILER_APPICON_NAME = AppIcon;
				ASSETCATALOG_COMPILER_GLOBAL_ACCENT_COLOR_NAME = AccentColor;
				CODE_SIGN_STYLE = Automatic;
				CURRENT_PROJECT_VERSION = 1;
				DEVELOPMENT_ASSET_PATHS = "\"DiceRoller3D/Preview Content\"";
				DEVELOPMENT_TEAM = 6Z3S569SKT;
				ENABLE_PREVIEWS = YES;
				GENERATE_INFOPLIST_FILE = YES;
				INFOPLIST_KEY_UIApplicationSceneManifest_Generation = YES;
				INFOPLIST_KEY_UIApplicationSupportsIndirectInputEvents = YES;
				INFOPLIST_KEY_UILaunchScreen_Generation = YES;
				INFOPLIST_KEY_UISupportedInterfaceOrientations_iPad = "UIInterfaceOrientationPortrait UIInterfaceOrientationPortraitUpsideDown UIInterfaceOrientationLandscapeLeft UIInterfaceOrientationLandscapeRight";
				INFOPLIST_KEY_UISupportedInterfaceOrientations_iPhone = "UIInterfaceOrientationPortrait UIInterfaceOrientationLandscapeLeft UIInterfaceOrientationLandscapeRight";
				LD_RUNPATH_SEARCH_PATHS = (
					"$(inherited)",
					"@executable_path/Frameworks",
				);
				MARKETING_VERSION = 1.0;
				PRODUCT_BUNDLE_IDENTIFIER = com.thundertech.DiceRoller3D;
				PRODUCT_NAME = "$(TARGET_NAME)";
				SWIFT_EMIT_LOC_STRINGS = YES;
				SWIFT_VERSION = 5.0;
				TARGETED_DEVICE_FAMILY = "1,2";
			};
			name = Debug;
		};
		03DDDBAD29F71ECB004C6AB4 /* Release */ = {
			isa = XCBuildConfiguration;
			buildSettings = {
				ASSETCATALOG_COMPILER_APPICON_NAME = AppIcon;
				ASSETCATALOG_COMPILER_GLOBAL_ACCENT_COLOR_NAME = AccentColor;
				CODE_SIGN_STYLE = Automatic;
				CURRENT_PROJECT_VERSION = 1;
				DEVELOPMENT_ASSET_PATHS = "\"DiceRoller3D/Preview Content\"";
				DEVELOPMENT_TEAM = 6Z3S569SKT;
				ENABLE_PREVIEWS = YES;
				GENERATE_INFOPLIST_FILE = YES;
				INFOPLIST_KEY_UIApplicationSceneManifest_Generation = YES;
				INFOPLIST_KEY_UIApplicationSupportsIndirectInputEvents = YES;
				INFOPLIST_KEY_UILaunchScreen_Generation = YES;
				INFOPLIST_KEY_UISupportedInterfaceOrientations_iPad = "UIInterfaceOrientationPortrait UIInterfaceOrientationPortraitUpsideDown UIInterfaceOrientationLandscapeLeft UIInterfaceOrientationLandscapeRight";
				INFOPLIST_KEY_UISupportedInterfaceOrientations_iPhone = "UIInterfaceOrientationPortrait UIInterfaceOrientationLandscapeLeft UIInterfaceOrientationLandscapeRight";
				LD_RUNPATH_SEARCH_PATHS = (
					"$(inherited)",
					"@executable_path/Frameworks",
				);
				MARKETING_VERSION = 1.0;
				PRODUCT_BUNDLE_IDENTIFIER = com.thundertech.DiceRoller3D;
				PRODUCT_NAME = "$(TARGET_NAME)";
				SWIFT_EMIT_LOC_STRINGS = YES;
				SWIFT_VERSION = 5.0;
				TARGETED_DEVICE_FAMILY = "1,2";
			};
			name = Release;
		};
/* End XCBuildConfiguration section */

/* Begin XCConfigurationList section */
		03DDDB9829F71ECA004C6AB4 /* Build configuration list for PBXProject "DiceRoller3D" */ = {
			isa = XCConfigurationList;
			buildConfigurations = (
				03DDDBA929F71ECB004C6AB4 /* Debug */,
				03DDDBAA29F71ECB004C6AB4 /* Release */,
			);
			defaultConfigurationIsVisible = 0;
			defaultConfigurationName = Release;
		};
		03DDDBAB29F71ECB004C6AB4 /* Build configuration list for PBXNativeTarget "DiceRoller3D" */ = {
			isa = XCConfigurationList;
			buildConfigurations = (
				03DDDBAC29F71ECB004C6AB4 /* Debug */,
				03DDDBAD29F71ECB004C6AB4 /* Release */,
			);
			defaultConfigurationIsVisible = 0;
			defaultConfigurationName = Release;
		};
/* End XCConfigurationList section */
	};
	rootObject = 03DDDB9529F71ECA004C6AB4 /* Project object */;
}
